// !$*UTF8*$!
{
	archiveVersion = 1;
	classes = {
	};
	objectVersion = 50;
	objects = {

/* Begin PBXBuildFile section */
		006F0A1A266F5B6000A41840 /* TabButton.swift in Sources */ = {isa = PBXBuildFile; fileRef = 006F0A19266F5B6000A41840 /* TabButton.swift */; };
		006F0A1D266F62ED00A41840 /* CustomCorners.swift in Sources */ = {isa = PBXBuildFile; fileRef = 006F0A1C266F62ED00A41840 /* CustomCorners.swift */; };
		00EEE7102636AF92002292B7 /* AppDelegate.swift in Sources */ = {isa = PBXBuildFile; fileRef = 00EEE70F2636AF92002292B7 /* AppDelegate.swift */; };
		00EEE7122636AF92002292B7 /* SceneDelegate.swift in Sources */ = {isa = PBXBuildFile; fileRef = 00EEE7112636AF92002292B7 /* SceneDelegate.swift */; };
		00EEE7142636AF92002292B7 /* ContentView.swift in Sources */ = {isa = PBXBuildFile; fileRef = 00EEE7132636AF92002292B7 /* ContentView.swift */; };
		00EEE7162636AF95002292B7 /* Assets.xcassets in Resources */ = {isa = PBXBuildFile; fileRef = 00EEE7152636AF95002292B7 /* Assets.xcassets */; };
		00EEE7192636AF95002292B7 /* Preview Assets.xcassets in Resources */ = {isa = PBXBuildFile; fileRef = 00EEE7182636AF95002292B7 /* Preview Assets.xcassets */; };
		00EEE71C2636AF95002292B7 /* LaunchScreen.storyboard in Resources */ = {isa = PBXBuildFile; fileRef = 00EEE71A2636AF95002292B7 /* LaunchScreen.storyboard */; };
		00EEE72B2636B2AF002292B7 /* MainView.swift in Sources */ = {isa = PBXBuildFile; fileRef = 00EEE72A2636B2AF002292B7 /* MainView.swift */; };
		026BBFE6267067F500754F4F /* SideMenu.swift in Sources */ = {isa = PBXBuildFile; fileRef = 026BBFE5267067F500754F4F /* SideMenu.swift */; };
		026BBFE8267068C700754F4F /* Home.swift in Sources */ = {isa = PBXBuildFile; fileRef = 026BBFE7267068C700754F4F /* Home.swift */; };
/* End PBXBuildFile section */

/* Begin PBXFileReference section */
		006F0A19266F5B6000A41840 /* TabButton.swift */ = {isa = PBXFileReference; lastKnownFileType = sourcecode.swift; path = TabButton.swift; sourceTree = "<group>"; };
		006F0A1C266F62ED00A41840 /* CustomCorners.swift */ = {isa = PBXFileReference; lastKnownFileType = sourcecode.swift; path = CustomCorners.swift; sourceTree = "<group>"; };
		00EEE70C2636AF92002292B7 /* Custom_Side_Menu.app */ = {isa = PBXFileReference; explicitFileType = wrapper.application; includeInIndex = 0; path = Custom_Side_Menu.app; sourceTree = BUILT_PRODUCTS_DIR; };
		00EEE70F2636AF92002292B7 /* AppDelegate.swift */ = {isa = PBXFileReference; lastKnownFileType = sourcecode.swift; path = AppDelegate.swift; sourceTree = "<group>"; };
		00EEE7112636AF92002292B7 /* SceneDelegate.swift */ = {isa = PBXFileReference; lastKnownFileType = sourcecode.swift; path = SceneDelegate.swift; sourceTree = "<group>"; };
		00EEE7132636AF92002292B7 /* ContentView.swift */ = {isa = PBXFileReference; lastKnownFileType = sourcecode.swift; path = ContentView.swift; sourceTree = "<group>"; };
		00EEE7152636AF95002292B7 /* Assets.xcassets */ = {isa = PBXFileReference; lastKnownFileType = folder.assetcatalog; path = Assets.xcassets; sourceTree = "<group>"; };
		00EEE7182636AF95002292B7 /* Preview Assets.xcassets */ = {isa = PBXFileReference; lastKnownFileType = folder.assetcatalog; path = "Preview Assets.xcassets"; sourceTree = "<group>"; };
		00EEE71B2636AF95002292B7 /* Base */ = {isa = PBXFileReference; lastKnownFileType = file.storyboard; name = Base; path = Base.lproj/LaunchScreen.storyboard; sourceTree = "<group>"; };
		00EEE71D2636AF95002292B7 /* Info.plist */ = {isa = PBXFileReference; lastKnownFileType = text.plist.xml; path = Info.plist; sourceTree = "<group>"; };
		00EEE72A2636B2AF002292B7 /* MainView.swift */ = {isa = PBXFileReference; lastKnownFileType = sourcecode.swift; path = MainView.swift; sourceTree = "<group>"; };
		026BBFE5267067F500754F4F /* SideMenu.swift */ = {isa = PBXFileReference; lastKnownFileType = sourcecode.swift; path = SideMenu.swift; sourceTree = "<group>"; };
		026BBFE7267068C700754F4F /* Home.swift */ = {isa = PBXFileReference; lastKnownFileType = sourcecode.swift; path = Home.swift; sourceTree = "<group>"; };
/* End PBXFileReference section */

/* Begin PBXFrameworksBuildPhase section */
		00EEE7092636AF92002292B7 /* Frameworks */ = {
			isa = PBXFrameworksBuildPhase;
			buildActionMask = 2147483647;
			files = (
			);
			runOnlyForDeploymentPostprocessing = 0;
		};
/* End PBXFrameworksBuildPhase section */

/* Begin PBXGroup section */
		00EEE7032636AF92002292B7 = {
			isa = PBXGroup;
			children = (
				00EEE70E2636AF92002292B7 /* Custom_Side_Menu */,
				00EEE70D2636AF92002292B7 /* Products */,
			);
			sourceTree = "<group>";
		};
		00EEE70D2636AF92002292B7 /* Products */ = {
			isa = PBXGroup;
			children = (
				00EEE70C2636AF92002292B7 /* Custom_Side_Menu.app */,
			);
			name = Products;
			sourceTree = "<group>";
		};
		00EEE70E2636AF92002292B7 /* Custom_Side_Menu */ = {
			isa = PBXGroup;
			children = (
				00EEE70F2636AF92002292B7 /* AppDelegate.swift */,
				00EEE7112636AF92002292B7 /* SceneDelegate.swift */,
				00EEE7132636AF92002292B7 /* ContentView.swift */,
				00EEE7242636B165002292B7 /* View */,
				00EEE7152636AF95002292B7 /* Assets.xcassets */,
				00EEE71A2636AF95002292B7 /* LaunchScreen.storyboard */,
				00EEE71D2636AF95002292B7 /* Info.plist */,
				00EEE7172636AF95002292B7 /* Preview Content */,
			);
			path = Custom_Side_Menu;
			sourceTree = "<group>";
		};
		00EEE7172636AF95002292B7 /* Preview Content */ = {
			isa = PBXGroup;
			children = (
				00EEE7182636AF95002292B7 /* Preview Assets.xcassets */,
			);
			path = "Preview Content";
			sourceTree = "<group>";
		};
		00EEE7242636B165002292B7 /* View */ = {
			isa = PBXGroup;
			children = (
				00EEE72A2636B2AF002292B7 /* MainView.swift */,
				006F0A19266F5B6000A41840 /* TabButton.swift */,
				006F0A1C266F62ED00A41840 /* CustomCorners.swift */,
				026BBFE5267067F500754F4F /* SideMenu.swift */,
				026BBFE7267068C700754F4F /* Home.swift */,
			);
			path = View;
			sourceTree = "<group>";
		};
/* End PBXGroup section */

/* Begin PBXNativeTarget section */
		00EEE70B2636AF92002292B7 /* Custom_Side_Menu */ = {
			isa = PBXNativeTarget;
			buildConfigurationList = 00EEE7202636AF95002292B7 /* Build configuration list for PBXNativeTarget "Custom_Side_Menu" */;
			buildPhases = (
				00EEE7082636AF92002292B7 /* Sources */,
				00EEE7092636AF92002292B7 /* Frameworks */,
				00EEE70A2636AF92002292B7 /* Resources */,
			);
			buildRules = (
			);
			dependencies = (
			);
			name = Custom_Side_Menu;
			productName = Custom_Side_Menu;
			productReference = 00EEE70C2636AF92002292B7 /* Custom_Side_Menu.app */;
			productType = "com.apple.product-type.application";
		};
/* End PBXNativeTarget section */

/* Begin PBXProject section */
		00EEE7042636AF92002292B7 /* Project object */ = {
			isa = PBXProject;
			attributes = {
				LastSwiftUpdateCheck = 1240;
				LastUpgradeCheck = 1240;
				TargetAttributes = {
					00EEE70B2636AF92002292B7 = {
						CreatedOnToolsVersion = 12.4;
					};
				};
			};
			buildConfigurationList = 00EEE7072636AF92002292B7 /* Build configuration list for PBXProject "Custom_Side_Menu" */;
			compatibilityVersion = "Xcode 9.3";
			developmentRegion = en;
			hasScannedForEncodings = 0;
			knownRegions = (
				en,
				Base,
			);
			mainGroup = 00EEE7032636AF92002292B7;
			productRefGroup = 00EEE70D2636AF92002292B7 /* Products */;
			projectDirPath = "";
			projectRoot = "";
			targets = (
				00EEE70B2636AF92002292B7 /* Custom_Side_Menu */,
			);
		};
/* End PBXProject section */

/* Begin PBXResourcesBuildPhase section */
		00EEE70A2636AF92002292B7 /* Resources */ = {
			isa = PBXResourcesBuildPhase;
			buildActionMask = 2147483647;
			files = (
				00EEE71C2636AF95002292B7 /* LaunchScreen.storyboard in Resources */,
				00EEE7192636AF95002292B7 /* Preview Assets.xcassets in Resources */,
				00EEE7162636AF95002292B7 /* Assets.xcassets in Resources */,
			);
			runOnlyForDeploymentPostprocessing = 0;
		};
/* End PBXResourcesBuildPhase section */

/* Begin PBXSourcesBuildPhase section */
		00EEE7082636AF92002292B7 /* Sources */ = {
			isa = PBXSourcesBuildPhase;
			buildActionMask = 2147483647;
			files = (
				00EEE7102636AF92002292B7 /* AppDelegate.swift in Sources */,
				006F0A1D266F62ED00A41840 /* CustomCorners.swift in Sources */,
				00EEE72B2636B2AF002292B7 /* MainView.swift in Sources */,
				026BBFE6267067F500754F4F /* SideMenu.swift in Sources */,
				00EEE7122636AF92002292B7 /* SceneDelegate.swift in Sources */,
				006F0A1A266F5B6000A41840 /* TabButton.swift in Sources */,
				026BBFE8267068C700754F4F /* Home.swift in Sources */,
				00EEE7142636AF92002292B7 /* ContentView.swift in Sources */,
			);
			runOnlyForDeploymentPostprocessing = 0;
		};
/* End PBXSourcesBuildPhase section */

/* Begin PBXVariantGroup section */
		00EEE71A2636AF95002292B7 /* LaunchScreen.storyboard */ = {
			isa = PBXVariantGroup;
			children = (
				00EEE71B2636AF95002292B7 /* Base */,
			);
			name = LaunchScreen.storyboard;
			sourceTree = "<group>";
		};
/* End PBXVariantGroup section */

/* Begin XCBuildConfiguration section */
		00EEE71E2636AF95002292B7 /* Debug */ = {
			isa = XCBuildConfiguration;
			buildSettings = {
				ALWAYS_SEARCH_USER_PATHS = NO;
				CLANG_ANALYZER_NONNULL = YES;
				CLANG_ANALYZER_NUMBER_OBJECT_CONVERSION = YES_AGGRESSIVE;
				CLANG_CXX_LANGUAGE_STANDARD = "gnu++14";
				CLANG_CXX_LIBRARY = "libc++";
				CLANG_ENABLE_MODULES = YES;
				CLANG_ENABLE_OBJC_ARC = YES;
				CLANG_ENABLE_OBJC_WEAK = YES;
				CLANG_WARN_BLOCK_CAPTURE_AUTORELEASING = YES;
				CLANG_WARN_BOOL_CONVERSION = YES;
				CLANG_WARN_COMMA = YES;
				CLANG_WARN_CONSTANT_CONVERSION = YES;
				CLANG_WARN_DEPRECATED_OBJC_IMPLEMENTATIONS = YES;
				CLANG_WARN_DIRECT_OBJC_ISA_USAGE = YES_ERROR;
				CLANG_WARN_DOCUMENTATION_COMMENTS = YES;
				CLANG_WARN_EMPTY_BODY = YES;
				CLANG_WARN_ENUM_CONVERSION = YES;
				CLANG_WARN_INFINITE_RECURSION = YES;
				CLANG_WARN_INT_CONVERSION = YES;
				CLANG_WARN_NON_LITERAL_NULL_CONVERSION = YES;
				CLANG_WARN_OBJC_IMPLICIT_RETAIN_SELF = YES;
				CLANG_WARN_OBJC_LITERAL_CONVERSION = YES;
				CLANG_WARN_OBJC_ROOT_CLASS = YES_ERROR;
				CLANG_WARN_QUOTED_INCLUDE_IN_FRAMEWORK_HEADER = YES;
				CLANG_WARN_RANGE_LOOP_ANALYSIS = YES;
				CLANG_WARN_STRICT_PROTOTYPES = YES;
				CLANG_WARN_SUSPICIOUS_MOVE = YES;
				CLANG_WARN_UNGUARDED_AVAILABILITY = YES_AGGRESSIVE;
				CLANG_WARN_UNREACHABLE_CODE = YES;
				CLANG_WARN__DUPLICATE_METHOD_MATCH = YES;
				COPY_PHASE_STRIP = NO;
				DEBUG_INFORMATION_FORMAT = dwarf;
				ENABLE_STRICT_OBJC_MSGSEND = YES;
				ENABLE_TESTABILITY = YES;
				GCC_C_LANGUAGE_STANDARD = gnu11;
				GCC_DYNAMIC_NO_PIC = NO;
				GCC_NO_COMMON_BLOCKS = YES;
				GCC_OPTIMIZATION_LEVEL = 0;
				GCC_PREPROCESSOR_DEFINITIONS = (
					"DEBUG=1",
					"$(inherited)",
				);
				GCC_WARN_64_TO_32_BIT_CONVERSION = YES;
				GCC_WARN_ABOUT_RETURN_TYPE = YES_ERROR;
				GCC_WARN_UNDECLARED_SELECTOR = YES;
				GCC_WARN_UNINITIALIZED_AUTOS = YES_AGGRESSIVE;
				GCC_WARN_UNUSED_FUNCTION = YES;
				GCC_WARN_UNUSED_VARIABLE = YES;
				IPHONEOS_DEPLOYMENT_TARGET = 14.4;
				MTL_ENABLE_DEBUG_INFO = INCLUDE_SOURCE;
				MTL_FAST_MATH = YES;
				ONLY_ACTIVE_ARCH = YES;
				SDKROOT = iphoneos;
				SWIFT_ACTIVE_COMPILATION_CONDITIONS = DEBUG;
				SWIFT_OPTIMIZATION_LEVEL = "-Onone";
			};
			name = Debug;
		};
		00EEE71F2636AF95002292B7 /* Release */ = {
			isa = XCBuildConfiguration;
			buildSettings = {
				ALWAYS_SEARCH_USER_PATHS = NO;
				CLANG_ANALYZER_NONNULL = YES;
				CLANG_ANALYZER_NUMBER_OBJECT_CONVERSION = YES_AGGRESSIVE;
				CLANG_CXX_LANGUAGE_STANDARD = "gnu++14";
				CLANG_CXX_LIBRARY = "libc++";
				CLANG_ENABLE_MODULES = YES;
				CLANG_ENABLE_OBJC_ARC = YES;
				CLANG_ENABLE_OBJC_WEAK = YES;
				CLANG_WARN_BLOCK_CAPTURE_AUTORELEASING = YES;
				CLANG_WARN_BOOL_CONVERSION = YES;
				CLANG_WARN_COMMA = YES;
				CLANG_WARN_CONSTANT_CONVERSION = YES;
				CLANG_WARN_DEPRECATED_OBJC_IMPLEMENTATIONS = YES;
				CLANG_WARN_DIRECT_OBJC_ISA_USAGE = YES_ERROR;
				CLANG_WARN_DOCUMENTATION_COMMENTS = YES;
				CLANG_WARN_EMPTY_BODY = YES;
				CLANG_WARN_ENUM_CONVERSION = YES;
				CLANG_WARN_INFINITE_RECURSION = YES;
				CLANG_WARN_INT_CONVERSION = YES;
				CLANG_WARN_NON_LITERAL_NULL_CONVERSION = YES;
				CLANG_WARN_OBJC_IMPLICIT_RETAIN_SELF = YES;
				CLANG_WARN_OBJC_LITERAL_CONVERSION = YES;
				CLANG_WARN_OBJC_ROOT_CLASS = YES_ERROR;
				CLANG_WARN_QUOTED_INCLUDE_IN_FRAMEWORK_HEADER = YES;
				CLANG_WARN_RANGE_LOOP_ANALYSIS = YES;
				CLANG_WARN_STRICT_PROTOTYPES = YES;
				CLANG_WARN_SUSPICIOUS_MOVE = YES;
				CLANG_WARN_UNGUARDED_AVAILABILITY = YES_AGGRESSIVE;
				CLANG_WARN_UNREACHABLE_CODE = YES;
				CLANG_WARN__DUPLICATE_METHOD_MATCH = YES;
				COPY_PHASE_STRIP = NO;
				DEBUG_INFORMATION_FORMAT = "dwarf-with-dsym";
				ENABLE_NS_ASSERTIONS = NO;
				ENABLE_STRICT_OBJC_MSGSEND = YES;
				GCC_C_LANGUAGE_STANDARD = gnu11;
				GCC_NO_COMMON_BLOCKS = YES;
				GCC_WARN_64_TO_32_BIT_CONVERSION = YES;
				GCC_WARN_ABOUT_RETURN_TYPE = YES_ERROR;
				GCC_WARN_UNDECLARED_SELECTOR = YES;
				GCC_WARN_UNINITIALIZED_AUTOS = YES_AGGRESSIVE;
				GCC_WARN_UNUSED_FUNCTION = YES;
				GCC_WARN_UNUSED_VARIABLE = YES;
				IPHONEOS_DEPLOYMENT_TARGET = 14.4;
				MTL_ENABLE_DEBUG_INFO = NO;
				MTL_FAST_MATH = YES;
				SDKROOT = iphoneos;
				SWIFT_COMPILATION_MODE = wholemodule;
				SWIFT_OPTIMIZATION_LEVEL = "-O";
				VALIDATE_PRODUCT = YES;
			};
			name = Release;
		};
		00EEE7212636AF95002292B7 /* Debug */ = {
			isa = XCBuildConfiguration;
			buildSettings = {
				ASSETCATALOG_COMPILER_APPICON_NAME = AppIcon;
				ASSETCATALOG_COMPILER_GLOBAL_ACCENT_COLOR_NAME = AccentColor;
				CODE_SIGN_STYLE = Automatic;
				DEVELOPMENT_ASSET_PATHS = "\"Custom_Side_Menu/Preview Content\"";
				DEVELOPMENT_TEAM = BY3249U34V;
				ENABLE_PREVIEWS = YES;
				INFOPLIST_FILE = Custom_Side_Menu/Info.plist;
				LD_RUNPATH_SEARCH_PATHS = (
					"$(inherited)",
					"@executable_path/Frameworks",
				);
				PRODUCT_BUNDLE_IDENTIFIER = "zyf.Custom-Side-Menu";
				PRODUCT_NAME = "$(TARGET_NAME)";
				SWIFT_VERSION = 5.0;
				TARGETED_DEVICE_FAMILY = "1,2";
			};
			name = Debug;
		};
		00EEE7222636AF95002292B7 /* Release */ = {
			isa = XCBuildConfiguration;
			buildSettings = {
				ASSETCATALOG_COMPILER_APPICON_NAME = AppIcon;
				ASSETCATALOG_COMPILER_GLOBAL_ACCENT_COLOR_NAME = AccentColor;
				CODE_SIGN_STYLE = Automatic;
				DEVELOPMENT_ASSET_PATHS = "\"Custom_Side_Menu/Preview Content\"";
				DEVELOPMENT_TEAM = BY3249U34V;
				ENABLE_PREVIEWS = YES;
				INFOPLIST_FILE = Custom_Side_Menu/Info.plist;
				LD_RUNPATH_SEARCH_PATHS = (
					"$(inherited)",
					"@executable_path/Frameworks",
				);
				PRODUCT_BUNDLE_IDENTIFIER = "zyf.Custom-Side-Menu";
				PRODUCT_NAME = "$(TARGET_NAME)";
				SWIFT_VERSION = 5.0;
				TARGETED_DEVICE_FAMILY = "1,2";
			};
			name = Release;
		};
/* End XCBuildConfiguration section */

/* Begin XCConfigurationList section */
		00EEE7072636AF92002292B7 /* Build configuration list for PBXProject "Custom_Side_Menu" */ = {
			isa = XCConfigurationList;
			buildConfigurations = (
				00EEE71E2636AF95002292B7 /* Debug */,
				00EEE71F2636AF95002292B7 /* Release */,
			);
			defaultConfigurationIsVisible = 0;
			defaultConfigurationName = Release;
		};
		00EEE7202636AF95002292B7 /* Build configuration list for PBXNativeTarget "Custom_Side_Menu" */ = {
			isa = XCConfigurationList;
			buildConfigurations = (
				00EEE7212636AF95002292B7 /* Debug */,
				00EEE7222636AF95002292B7 /* Release */,
			);
			defaultConfigurationIsVisible = 0;
			defaultConfigurationName = Release;
		};
/* End XCConfigurationList section */
	};
	rootObject = 00EEE7042636AF92002292B7 /* Project object */;
}
